// !$*UTF8*$!
{
	archiveVersion = 1;
	classes = {
	};
	objectVersion = 46;
	objects = {

/* Begin PBXBuildFile section */
		A73266891B3A9B2900144710 /* LoginView.swift in Sources */ = {isa = PBXBuildFile; fileRef = A73266881B3A9B2900144710 /* LoginView.swift */; };
		A732668D1B3A9CF700144710 /* logo.png in Resources */ = {isa = PBXBuildFile; fileRef = A732668B1B3A9CF700144710 /* logo.png */; };
		A732668E1B3A9CF700144710 /* text_field.png in Resources */ = {isa = PBXBuildFile; fileRef = A732668C1B3A9CF700144710 /* text_field.png */; };
		A73266901B3A9DC300144710 /* UnderlineTextfield.swift in Sources */ = {isa = PBXBuildFile; fileRef = A732668F1B3A9DC300144710 /* UnderlineTextfield.swift */; };
		A73266941B3AAD9C00144710 /* ViewController.swift in Sources */ = {isa = PBXBuildFile; fileRef = A73266931B3AAD9C00144710 /* ViewController.swift */; };
		A73266971B3AAE3200144710 /* Extension.swift in Sources */ = {isa = PBXBuildFile; fileRef = A73266961B3AAE3200144710 /* Extension.swift */; };
		A74050981B3AB96F0059E4F7 /* UnderlineButton.swift in Sources */ = {isa = PBXBuildFile; fileRef = A74050971B3AB96F0059E4F7 /* UnderlineButton.swift */; };
		A7A1DBCE1AAB09B300125DE5 /* AppDelegate.swift in Sources */ = {isa = PBXBuildFile; fileRef = A7A1DBCD1AAB09B300125DE5 /* AppDelegate.swift */; };
		A7A1DBD51AAB09B300125DE5 /* Images.xcassets in Resources */ = {isa = PBXBuildFile; fileRef = A7A1DBD41AAB09B300125DE5 /* Images.xcassets */; };
		A7A1DBD81AAB09B300125DE5 /* LaunchScreen.xib in Resources */ = {isa = PBXBuildFile; fileRef = A7A1DBD61AAB09B300125DE5 /* LaunchScreen.xib */; };
		A7A1DBE41AAB09B300125DE5 /* ubit_infoTests.swift in Sources */ = {isa = PBXBuildFile; fileRef = A7A1DBE31AAB09B300125DE5 /* ubit_infoTests.swift */; };
		A7FC694B1B3A8CE90096A5D5 /* LoginViewController.swift in Sources */ = {isa = PBXBuildFile; fileRef = A7FC694A1B3A8CE90096A5D5 /* LoginViewController.swift */; };
		A7FC694F1B3A8D1D0096A5D5 /* LoginViewController.xib in Resources */ = {isa = PBXBuildFile; fileRef = A7FC694E1B3A8D1D0096A5D5 /* LoginViewController.xib */; };
/* End PBXBuildFile section */

/* Begin PBXContainerItemProxy section */
		A7A1DBDE1AAB09B300125DE5 /* PBXContainerItemProxy */ = {
			isa = PBXContainerItemProxy;
			containerPortal = A7A1DBC01AAB09B300125DE5 /* Project object */;
			proxyType = 1;
			remoteGlobalIDString = A7A1DBC71AAB09B300125DE5;
			remoteInfo = ubit.info;
		};
/* End PBXContainerItemProxy section */

/* Begin PBXFileReference section */
		A73266881B3A9B2900144710 /* LoginView.swift */ = {isa = PBXFileReference; fileEncoding = 4; lastKnownFileType = sourcecode.swift; path = LoginView.swift; sourceTree = "<group>"; };
		A732668B1B3A9CF700144710 /* logo.png */ = {isa = PBXFileReference; lastKnownFileType = image.png; path = logo.png; sourceTree = "<group>"; };
		A732668C1B3A9CF700144710 /* text_field.png */ = {isa = PBXFileReference; lastKnownFileType = image.png; path = text_field.png; sourceTree = "<group>"; };
		A732668F1B3A9DC300144710 /* UnderlineTextfield.swift */ = {isa = PBXFileReference; fileEncoding = 4; lastKnownFileType = sourcecode.swift; path = UnderlineTextfield.swift; sourceTree = "<group>"; };
		A73266931B3AAD9C00144710 /* ViewController.swift */ = {isa = PBXFileReference; fileEncoding = 4; lastKnownFileType = sourcecode.swift; path = ViewController.swift; sourceTree = "<group>"; };
		A73266961B3AAE3200144710 /* Extension.swift */ = {isa = PBXFileReference; fileEncoding = 4; lastKnownFileType = sourcecode.swift; path = Extension.swift; sourceTree = "<group>"; };
		A74050971B3AB96F0059E4F7 /* UnderlineButton.swift */ = {isa = PBXFileReference; fileEncoding = 4; lastKnownFileType = sourcecode.swift; path = UnderlineButton.swift; sourceTree = "<group>"; };
		A7A1DBC81AAB09B300125DE5 /* ubit.info.app */ = {isa = PBXFileReference; explicitFileType = wrapper.application; includeInIndex = 0; path = ubit.info.app; sourceTree = BUILT_PRODUCTS_DIR; };
		A7A1DBCC1AAB09B300125DE5 /* Info.plist */ = {isa = PBXFileReference; lastKnownFileType = text.plist.xml; path = Info.plist; sourceTree = "<group>"; };
		A7A1DBCD1AAB09B300125DE5 /* AppDelegate.swift */ = {isa = PBXFileReference; lastKnownFileType = sourcecode.swift; path = AppDelegate.swift; sourceTree = "<group>"; };
		A7A1DBD41AAB09B300125DE5 /* Images.xcassets */ = {isa = PBXFileReference; lastKnownFileType = folder.assetcatalog; path = Images.xcassets; sourceTree = "<group>"; };
		A7A1DBD71AAB09B300125DE5 /* Base */ = {isa = PBXFileReference; lastKnownFileType = file.xib; name = Base; path = Base.lproj/LaunchScreen.xib; sourceTree = "<group>"; };
		A7A1DBDD1AAB09B300125DE5 /* ubit.infoTests.xctest */ = {isa = PBXFileReference; explicitFileType = wrapper.cfbundle; includeInIndex = 0; path = ubit.infoTests.xctest; sourceTree = BUILT_PRODUCTS_DIR; };
		A7A1DBE21AAB09B300125DE5 /* Info.plist */ = {isa = PBXFileReference; lastKnownFileType = text.plist.xml; path = Info.plist; sourceTree = "<group>"; };
		A7A1DBE31AAB09B300125DE5 /* ubit_infoTests.swift */ = {isa = PBXFileReference; lastKnownFileType = sourcecode.swift; path = ubit_infoTests.swift; sourceTree = "<group>"; };
		A7A1DBF51AABCD7400125DE5 /* L.playground */ = {isa = PBXFileReference; lastKnownFileType = file.playground; path = L.playground; sourceTree = "<group>"; };
		A7FC694A1B3A8CE90096A5D5 /* LoginViewController.swift */ = {isa = PBXFileReference; fileEncoding = 4; lastKnownFileType = sourcecode.swift; name = LoginViewController.swift; path = ../LoginViewController.swift; sourceTree = "<group>"; };
		A7FC694E1B3A8D1D0096A5D5 /* LoginViewController.xib */ = {isa = PBXFileReference; fileEncoding = 4; lastKnownFileType = file.xib; path = LoginViewController.xib; sourceTree = "<group>"; };
/* End PBXFileReference section */

/* Begin PBXFrameworksBuildPhase section */
		A7A1DBC51AAB09B300125DE5 /* Frameworks */ = {
			isa = PBXFrameworksBuildPhase;
			buildActionMask = 2147483647;
			files = (
			);
			runOnlyForDeploymentPostprocessing = 0;
		};
		A7A1DBDA1AAB09B300125DE5 /* Frameworks */ = {
			isa = PBXFrameworksBuildPhase;
			buildActionMask = 2147483647;
			files = (
			);
			runOnlyForDeploymentPostprocessing = 0;
		};
/* End PBXFrameworksBuildPhase section */

/* Begin PBXGroup section */
		A732668A1B3A9CF700144710 /* Resources */ = {
			isa = PBXGroup;
			children = (
				A732668B1B3A9CF700144710 /* logo.png */,
				A732668C1B3A9CF700144710 /* text_field.png */,
			);
			path = Resources;
			sourceTree = "<group>";
		};
		A73266911B3A9DCB00144710 /* XIBs */ = {
			isa = PBXGroup;
			children = (
				A7A1DBD61AAB09B300125DE5 /* LaunchScreen.xib */,
				A7FC694E1B3A8D1D0096A5D5 /* LoginViewController.xib */,
			);
			name = XIBs;
			sourceTree = "<group>";
		};
		A73266921B3AAC5B00144710 /* Custom view */ = {
			isa = PBXGroup;
			children = (
				A732668F1B3A9DC300144710 /* UnderlineTextfield.swift */,
				A74050971B3AB96F0059E4F7 /* UnderlineButton.swift */,
			);
			name = "Custom view";
			sourceTree = "<group>";
		};
		A73266951B3AADA300144710 /* Library */ = {
			isa = PBXGroup;
			children = (
				A73266931B3AAD9C00144710 /* ViewController.swift */,
				A73266961B3AAE3200144710 /* Extension.swift */,
			);
			name = Library;
			sourceTree = "<group>";
		};
		A7A1DBBF1AAB09B300125DE5 = {
			isa = PBXGroup;
			children = (
				A7A1DBCA1AAB09B300125DE5 /* ubit.info */,
				A7A1DBE01AAB09B300125DE5 /* ubit.infoTests */,
				A7A1DBC91AAB09B300125DE5 /* Products */,
			);
			sourceTree = "<group>";
		};
		A7A1DBC91AAB09B300125DE5 /* Products */ = {
			isa = PBXGroup;
			children = (
				A7A1DBC81AAB09B300125DE5 /* ubit.info.app */,
				A7A1DBDD1AAB09B300125DE5 /* ubit.infoTests.xctest */,
			);
			name = Products;
			sourceTree = "<group>";
		};
		A7A1DBCA1AAB09B300125DE5 /* ubit.info */ = {
			isa = PBXGroup;
			children = (
				A7A1DBCD1AAB09B300125DE5 /* AppDelegate.swift */,
				A7FC694A1B3A8CE90096A5D5 /* LoginViewController.swift */,
				A73266881B3A9B2900144710 /* LoginView.swift */,
				A73266951B3AADA300144710 /* Library */,
				A73266921B3AAC5B00144710 /* Custom view */,
				A73266911B3A9DCB00144710 /* XIBs */,
				A7A1DBF51AABCD7400125DE5 /* L.playground */,
				A7A1DBD41AAB09B300125DE5 /* Images.xcassets */,
				A732668A1B3A9CF700144710 /* Resources */,
				A7A1DBCB1AAB09B300125DE5 /* Supporting Files */,
			);
			path = ubit.info;
			sourceTree = "<group>";
		};
		A7A1DBCB1AAB09B300125DE5 /* Supporting Files */ = {
			isa = PBXGroup;
			children = (
				A7A1DBCC1AAB09B300125DE5 /* Info.plist */,
			);
			name = "Supporting Files";
			sourceTree = "<group>";
		};
		A7A1DBE01AAB09B300125DE5 /* ubit.infoTests */ = {
			isa = PBXGroup;
			children = (
				A7A1DBE31AAB09B300125DE5 /* ubit_infoTests.swift */,
				A7A1DBE11AAB09B300125DE5 /* Supporting Files */,
			);
			path = ubit.infoTests;
			sourceTree = "<group>";
		};
		A7A1DBE11AAB09B300125DE5 /* Supporting Files */ = {
			isa = PBXGroup;
			children = (
				A7A1DBE21AAB09B300125DE5 /* Info.plist */,
			);
			name = "Supporting Files";
			sourceTree = "<group>";
		};
/* End PBXGroup section */

/* Begin PBXNativeTarget section */
		A7A1DBC71AAB09B300125DE5 /* ubit.info */ = {
			isa = PBXNativeTarget;
			buildConfigurationList = A7A1DBE71AAB09B300125DE5 /* Build configuration list for PBXNativeTarget "ubit.info" */;
			buildPhases = (
				A7A1DBC41AAB09B300125DE5 /* Sources */,
				A7A1DBC51AAB09B300125DE5 /* Frameworks */,
				A7A1DBC61AAB09B300125DE5 /* Resources */,
			);
			buildRules = (
			);
			dependencies = (
			);
			name = ubit.info;
			productName = ubit.info;
			productReference = A7A1DBC81AAB09B300125DE5 /* ubit.info.app */;
			productType = "com.apple.product-type.application";
		};
		A7A1DBDC1AAB09B300125DE5 /* ubit.infoTests */ = {
			isa = PBXNativeTarget;
			buildConfigurationList = A7A1DBEA1AAB09B300125DE5 /* Build configuration list for PBXNativeTarget "ubit.infoTests" */;
			buildPhases = (
				A7A1DBD91AAB09B300125DE5 /* Sources */,
				A7A1DBDA1AAB09B300125DE5 /* Frameworks */,
				A7A1DBDB1AAB09B300125DE5 /* Resources */,
			);
			buildRules = (
			);
			dependencies = (
				A7A1DBDF1AAB09B300125DE5 /* PBXTargetDependency */,
			);
			name = ubit.infoTests;
			productName = ubit.infoTests;
			productReference = A7A1DBDD1AAB09B300125DE5 /* ubit.infoTests.xctest */;
			productType = "com.apple.product-type.bundle.unit-test";
		};
/* End PBXNativeTarget section */

/* Begin PBXProject section */
		A7A1DBC01AAB09B300125DE5 /* Project object */ = {
			isa = PBXProject;
			attributes = {
				LastUpgradeCheck = 0610;
				ORGANIZATIONNAME = Luavis;
				TargetAttributes = {
					A7A1DBC71AAB09B300125DE5 = {
						CreatedOnToolsVersion = 6.1;
					};
					A7A1DBDC1AAB09B300125DE5 = {
						CreatedOnToolsVersion = 6.1;
						TestTargetID = A7A1DBC71AAB09B300125DE5;
					};
				};
			};
			buildConfigurationList = A7A1DBC31AAB09B300125DE5 /* Build configuration list for PBXProject "ubit.info" */;
			compatibilityVersion = "Xcode 3.2";
			developmentRegion = English;
			hasScannedForEncodings = 0;
			knownRegions = (
				en,
				Base,
			);
			mainGroup = A7A1DBBF1AAB09B300125DE5;
			productRefGroup = A7A1DBC91AAB09B300125DE5 /* Products */;
			projectDirPath = "";
			projectRoot = "";
			targets = (
				A7A1DBC71AAB09B300125DE5 /* ubit.info */,
				A7A1DBDC1AAB09B300125DE5 /* ubit.infoTests */,
			);
		};
/* End PBXProject section */

/* Begin PBXResourcesBuildPhase section */
		A7A1DBC61AAB09B300125DE5 /* Resources */ = {
			isa = PBXResourcesBuildPhase;
			buildActionMask = 2147483647;
			files = (
				A732668E1B3A9CF700144710 /* text_field.png in Resources */,
				A732668D1B3A9CF700144710 /* logo.png in Resources */,
				A7A1DBD81AAB09B300125DE5 /* LaunchScreen.xib in Resources */,
				A7A1DBD51AAB09B300125DE5 /* Images.xcassets in Resources */,
				A7FC694F1B3A8D1D0096A5D5 /* LoginViewController.xib in Resources */,
			);
			runOnlyForDeploymentPostprocessing = 0;
		};
		A7A1DBDB1AAB09B300125DE5 /* Resources */ = {
			isa = PBXResourcesBuildPhase;
			buildActionMask = 2147483647;
			files = (
			);
			runOnlyForDeploymentPostprocessing = 0;
		};
/* End PBXResourcesBuildPhase section */

/* Begin PBXSourcesBuildPhase section */
		A7A1DBC41AAB09B300125DE5 /* Sources */ = {
			isa = PBXSourcesBuildPhase;
			buildActionMask = 2147483647;
			files = (
				A73266941B3AAD9C00144710 /* ViewController.swift in Sources */,
				A73266891B3A9B2900144710 /* LoginView.swift in Sources */,
				A7FC694B1B3A8CE90096A5D5 /* LoginViewController.swift in Sources */,
				A74050981B3AB96F0059E4F7 /* UnderlineButton.swift in Sources */,
				A73266971B3AAE3200144710 /* Extension.swift in Sources */,
				A73266901B3A9DC300144710 /* UnderlineTextfield.swift in Sources */,
				A7A1DBCE1AAB09B300125DE5 /* AppDelegate.swift in Sources */,
			);
			runOnlyForDeploymentPostprocessing = 0;
		};
		A7A1DBD91AAB09B300125DE5 /* Sources */ = {
			isa = PBXSourcesBuildPhase;
			buildActionMask = 2147483647;
			files = (
				A7A1DBE41AAB09B300125DE5 /* ubit_infoTests.swift in Sources */,
			);
			runOnlyForDeploymentPostprocessing = 0;
		};
/* End PBXSourcesBuildPhase section */

/* Begin PBXTargetDependency section */
		A7A1DBDF1AAB09B300125DE5 /* PBXTargetDependency */ = {
			isa = PBXTargetDependency;
			target = A7A1DBC71AAB09B300125DE5 /* ubit.info */;
			targetProxy = A7A1DBDE1AAB09B300125DE5 /* PBXContainerItemProxy */;
		};
/* End PBXTargetDependency section */

/* Begin PBXVariantGroup section */
		A7A1DBD61AAB09B300125DE5 /* LaunchScreen.xib */ = {
			isa = PBXVariantGroup;
			children = (
				A7A1DBD71AAB09B300125DE5 /* Base */,
			);
			name = LaunchScreen.xib;
			sourceTree = "<group>";
		};
/* End PBXVariantGroup section */

/* Begin XCBuildConfiguration section */
		A7A1DBE51AAB09B300125DE5 /* Debug */ = {
			isa = XCBuildConfiguration;
			buildSettings = {
				ALWAYS_SEARCH_USER_PATHS = NO;
				CLANG_CXX_LANGUAGE_STANDARD = "gnu++0x";
				CLANG_CXX_LIBRARY = "libc++";
				CLANG_ENABLE_MODULES = YES;
				CLANG_ENABLE_OBJC_ARC = YES;
				CLANG_WARN_BOOL_CONVERSION = YES;
				CLANG_WARN_CONSTANT_CONVERSION = YES;
				CLANG_WARN_DIRECT_OBJC_ISA_USAGE = YES_ERROR;
				CLANG_WARN_EMPTY_BODY = YES;
				CLANG_WARN_ENUM_CONVERSION = YES;
				CLANG_WARN_INT_CONVERSION = YES;
				CLANG_WARN_OBJC_ROOT_CLASS = YES_ERROR;
				CLANG_WARN_UNREACHABLE_CODE = YES;
				CLANG_WARN__DUPLICATE_METHOD_MATCH = YES;
				"CODE_SIGN_IDENTITY[sdk=iphoneos*]" = "iPhone Developer";
				COPY_PHASE_STRIP = NO;
				ENABLE_STRICT_OBJC_MSGSEND = YES;
				GCC_C_LANGUAGE_STANDARD = gnu99;
				GCC_DYNAMIC_NO_PIC = NO;
				GCC_OPTIMIZATION_LEVEL = 0;
				GCC_PREPROCESSOR_DEFINITIONS = (
					"DEBUG=1",
					"$(inherited)",
				);
				GCC_SYMBOLS_PRIVATE_EXTERN = NO;
				GCC_WARN_64_TO_32_BIT_CONVERSION = YES;
				GCC_WARN_ABOUT_RETURN_TYPE = YES_ERROR;
				GCC_WARN_UNDECLARED_SELECTOR = YES;
				GCC_WARN_UNINITIALIZED_AUTOS = YES_AGGRESSIVE;
				GCC_WARN_UNUSED_FUNCTION = YES;
				GCC_WARN_UNUSED_VARIABLE = YES;
				IPHONEOS_DEPLOYMENT_TARGET = 8.1;
				MTL_ENABLE_DEBUG_INFO = YES;
				ONLY_ACTIVE_ARCH = YES;
				SDKROOT = iphoneos;
				SWIFT_OPTIMIZATION_LEVEL = "-Onone";
				TARGETED_DEVICE_FAMILY = "1,2";
			};
			name = Debug;
		};
		A7A1DBE61AAB09B300125DE5 /* Release */ = {
			isa = XCBuildConfiguration;
			buildSettings = {
				ALWAYS_SEARCH_USER_PATHS = NO;
				CLANG_CXX_LANGUAGE_STANDARD = "gnu++0x";
				CLANG_CXX_LIBRARY = "libc++";
				CLANG_ENABLE_MODULES = YES;
				CLANG_ENABLE_OBJC_ARC = YES;
				CLANG_WARN_BOOL_CONVERSION = YES;
				CLANG_WARN_CONSTANT_CONVERSION = YES;
				CLANG_WARN_DIRECT_OBJC_ISA_USAGE = YES_ERROR;
				CLANG_WARN_EMPTY_BODY = YES;
				CLANG_WARN_ENUM_CONVERSION = YES;
				CLANG_WARN_INT_CONVERSION = YES;
				CLANG_WARN_OBJC_ROOT_CLASS = YES_ERROR;
				CLANG_WARN_UNREACHABLE_CODE = YES;
				CLANG_WARN__DUPLICATE_METHOD_MATCH = YES;
				"CODE_SIGN_IDENTITY[sdk=iphoneos*]" = "iPhone Developer";
				COPY_PHASE_STRIP = YES;
				ENABLE_NS_ASSERTIONS = NO;
				ENABLE_STRICT_OBJC_MSGSEND = YES;
				GCC_C_LANGUAGE_STANDARD = gnu99;
				GCC_WARN_64_TO_32_BIT_CONVERSION = YES;
				GCC_WARN_ABOUT_RETURN_TYPE = YES_ERROR;
				GCC_WARN_UNDECLARED_SELECTOR = YES;
				GCC_WARN_UNINITIALIZED_AUTOS = YES_AGGRESSIVE;
				GCC_WARN_UNUSED_FUNCTION = YES;
				GCC_WARN_UNUSED_VARIABLE = YES;
				IPHONEOS_DEPLOYMENT_TARGET = 8.1;
				MTL_ENABLE_DEBUG_INFO = NO;
				SDKROOT = iphoneos;
				TARGETED_DEVICE_FAMILY = "1,2";
				VALIDATE_PRODUCT = YES;
			};
			name = Release;
		};
		A7A1DBE81AAB09B300125DE5 /* Debug */ = {
			isa = XCBuildConfiguration;
			buildSettings = {
				ASSETCATALOG_COMPILER_APPICON_NAME = AppIcon;
				INFOPLIST_FILE = ubit.info/Info.plist;
				LD_RUNPATH_SEARCH_PATHS = "$(inherited) @executable_path/Frameworks";
				PRODUCT_NAME = "$(TARGET_NAME)";
			};
			name = Debug;
		};
		A7A1DBE91AAB09B300125DE5 /* Release */ = {
			isa = XCBuildConfiguration;
			buildSettings = {
				ASSETCATALOG_COMPILER_APPICON_NAME = AppIcon;
				INFOPLIST_FILE = ubit.info/Info.plist;
				LD_RUNPATH_SEARCH_PATHS = "$(inherited) @executable_path/Frameworks";
				PRODUCT_NAME = "$(TARGET_NAME)";
			};
			name = Release;
		};
		A7A1DBEB1AAB09B300125DE5 /* Debug */ = {
			isa = XCBuildConfiguration;
			buildSettings = {
				BUNDLE_LOADER = "$(TEST_HOST)";
				FRAMEWORK_SEARCH_PATHS = (
					"$(SDKROOT)/Developer/Library/Frameworks",
					"$(inherited)",
				);
				GCC_PREPROCESSOR_DEFINITIONS = (
					"DEBUG=1",
					"$(inherited)",
				);
				INFOPLIST_FILE = ubit.infoTests/Info.plist;
				LD_RUNPATH_SEARCH_PATHS = "$(inherited) @executable_path/Frameworks @loader_path/Frameworks";
				PRODUCT_NAME = "$(TARGET_NAME)";
				TEST_HOST = "$(BUILT_PRODUCTS_DIR)/ubit.info.app/ubit.info";
			};
			name = Debug;
		};
		A7A1DBEC1AAB09B300125DE5 /* Release */ = {
			isa = XCBuildConfiguration;
			buildSettings = {
				BUNDLE_LOADER = "$(TEST_HOST)";
				FRAMEWORK_SEARCH_PATHS = (
					"$(SDKROOT)/Developer/Library/Frameworks",
					"$(inherited)",
				);
				INFOPLIST_FILE = ubit.infoTests/Info.plist;
				LD_RUNPATH_SEARCH_PATHS = "$(inherited) @executable_path/Frameworks @loader_path/Frameworks";
				PRODUCT_NAME = "$(TARGET_NAME)";
				TEST_HOST = "$(BUILT_PRODUCTS_DIR)/ubit.info.app/ubit.info";
			};
			name = Release;
		};
/* End XCBuildConfiguration section */

/* Begin XCConfigurationList section */
		A7A1DBC31AAB09B300125DE5 /* Build configuration list for PBXProject "ubit.info" */ = {
			isa = XCConfigurationList;
			buildConfigurations = (
				A7A1DBE51AAB09B300125DE5 /* Debug */,
				A7A1DBE61AAB09B300125DE5 /* Release */,
			);
			defaultConfigurationIsVisible = 0;
			defaultConfigurationName = Release;
		};
		A7A1DBE71AAB09B300125DE5 /* Build configuration list for PBXNativeTarget "ubit.info" */ = {
			isa = XCConfigurationList;
			buildConfigurations = (
				A7A1DBE81AAB09B300125DE5 /* Debug */,
				A7A1DBE91AAB09B300125DE5 /* Release */,
			);
			defaultConfigurationIsVisible = 0;
			defaultConfigurationName = Release;
		};
		A7A1DBEA1AAB09B300125DE5 /* Build configuration list for PBXNativeTarget "ubit.infoTests" */ = {
			isa = XCConfigurationList;
			buildConfigurations = (
				A7A1DBEB1AAB09B300125DE5 /* Debug */,
				A7A1DBEC1AAB09B300125DE5 /* Release */,
			);
			defaultConfigurationIsVisible = 0;
			defaultConfigurationName = Release;
		};
/* End XCConfigurationList section */
	};
	rootObject = A7A1DBC01AAB09B300125DE5 /* Project object */;
}
